
Microsoft Visual Studio Solution File, Format Version 12.00
# Visual Studio Version 16
VisualStudioVersion = 16.0.30128.74
MinimumVisualStudioVersion = 10.0.40219.1
Project("{FAE04EC0-301F-11D3-BF4B-00C04F79EFBC}") = "SolidworksWrapper", "SolidworksWrapper\SolidworksWrapper.csproj", "{0FE3DA86-0D0C-454B-89C2-80F048B853C3}"
EndProject
Global
	GlobalSection(SolutionConfigurationPlatforms) = preSolution
		Debug|Any CPU = Debug|Any CPU
		Release|Any CPU = Release|Any CPU
	EndGlobalSection
	GlobalSection(ProjectConfigurationPlatforms) = postSolution
		{0FE3DA86-0D0C-454B-89C2-80F048B853C3}.Debug|Any CPU.ActiveCfg = Debug|Any CPU
		{0FE3DA86-0D0C-454B-89C2-80F048B853C3}.Debug|Any CPU.Build.0 = Debug|Any CPU
		{0FE3DA86-0D0C-454B-89C2-80F048B853C3}.Release|Any CPU.ActiveCfg = Release|Any CPU
		{0FE3DA86-0D0C-454B-89C2-80F048B853C3}.Release|Any CPU.Build.0 = Release|Any CPU
	EndGlobalSection
	GlobalSection(SolutionProperties) = preSolution
		HideSolutionNode = FALSE
	EndGlobalSection
	GlobalSection(ExtensibilityGlobals) = postSolution
		SolutionGuid = {FA6A6EE3-BC77-4C15-8F7E-B3865DB20A5D}
	EndGlobalSection
EndGlobal
